
Microsoft Visual Studio Solution File, Format Version 12.00
# Visual Studio 15
VisualStudioVersion = 15.0.28307.1082
MinimumVisualStudioVersion = 10.0.40219.1
Project("{FAE04EC0-301F-11D3-BF4B-00C04F79EFBC}") = "TwoFactorAuthentication.API", "TwoFactorAuthentication.API\TwoFactorAuthentication.API.csproj", "{479AAAC3-82C3-44F5-BED4-2BB4BA041F7E}"
EndProject
Global
	GlobalSection(SolutionConfigurationPlatforms) = preSolution
		Debug|Any CPU = Debug|Any CPU
		Release|Any CPU = Release|Any CPU
	EndGlobalSection
	GlobalSection(ProjectConfigurationPlatforms) = postSolution
		{479AAAC3-82C3-44F5-BED4-2BB4BA041F7E}.Debug|Any CPU.ActiveCfg = Debug|Any CPU
		{479AAAC3-82C3-44F5-BED4-2BB4BA041F7E}.Debug|Any CPU.Build.0 = Debug|Any CPU
		{479AAAC3-82C3-44F5-BED4-2BB4BA041F7E}.Release|Any CPU.ActiveCfg = Release|Any CPU
		{479AAAC3-82C3-44F5-BED4-2BB4BA041F7E}.Release|Any CPU.Build.0 = Release|Any CPU
	EndGlobalSection
	GlobalSection(SolutionProperties) = preSolution
		HideSolutionNode = FALSE
	EndGlobalSection
	GlobalSection(ExtensibilityGlobals) = postSolution
		SolutionGuid = {62A10D58-60C8-44B8-9313-CA50D526E65A}
	EndGlobalSection
EndGlobal
